// !$*UTF8*$!
{
	archiveVersion = 1;
	classes = {
	};
	objectVersion = 50;
	objects = {

/* Begin PBXBuildFile section */
		C14FCB4926136CFF00716A16 /* AppDelegate.swift in Sources */ = {isa = PBXBuildFile; fileRef = C14FCB4826136CFF00716A16 /* AppDelegate.swift */; };
		C14FCB4B26136CFF00716A16 /* SceneDelegate.swift in Sources */ = {isa = PBXBuildFile; fileRef = C14FCB4A26136CFF00716A16 /* SceneDelegate.swift */; };
		C14FCB4D26136CFF00716A16 /* LoginViewController.swift in Sources */ = {isa = PBXBuildFile; fileRef = C14FCB4C26136CFF00716A16 /* LoginViewController.swift */; };
		C14FCB5026136CFF00716A16 /* Main.storyboard in Resources */ = {isa = PBXBuildFile; fileRef = C14FCB4E26136CFF00716A16 /* Main.storyboard */; };
		C14FCB5226136D0700716A16 /* Assets.xcassets in Resources */ = {isa = PBXBuildFile; fileRef = C14FCB5126136D0700716A16 /* Assets.xcassets */; };
		C14FCB5526136D0700716A16 /* LaunchScreen.storyboard in Resources */ = {isa = PBXBuildFile; fileRef = C14FCB5326136D0700716A16 /* LaunchScreen.storyboard */; };
		C14FCB5F261461CA00716A16 /* WelcomeViewController.swift in Sources */ = {isa = PBXBuildFile; fileRef = C14FCB5E261461CA00716A16 /* WelcomeViewController.swift */; };
		C193267A2618E7CE005A5647 /* User.swift in Sources */ = {isa = PBXBuildFile; fileRef = C19326792618E7CE005A5647 /* User.swift */; };
/* End PBXBuildFile section */

/* Begin PBXFileReference section */
		C14FCB4526136CFF00716A16 /* LogIn.app */ = {isa = PBXFileReference; explicitFileType = wrapper.application; includeInIndex = 0; path = LogIn.app; sourceTree = BUILT_PRODUCTS_DIR; };
		C14FCB4826136CFF00716A16 /* AppDelegate.swift */ = {isa = PBXFileReference; lastKnownFileType = sourcecode.swift; path = AppDelegate.swift; sourceTree = "<group>"; };
		C14FCB4A26136CFF00716A16 /* SceneDelegate.swift */ = {isa = PBXFileReference; lastKnownFileType = sourcecode.swift; path = SceneDelegate.swift; sourceTree = "<group>"; };
		C14FCB4C26136CFF00716A16 /* LoginViewController.swift */ = {isa = PBXFileReference; lastKnownFileType = sourcecode.swift; path = LoginViewController.swift; sourceTree = "<group>"; };
		C14FCB4F26136CFF00716A16 /* Base */ = {isa = PBXFileReference; lastKnownFileType = file.storyboard; name = Base; path = Base.lproj/Main.storyboard; sourceTree = "<group>"; };
		C14FCB5126136D0700716A16 /* Assets.xcassets */ = {isa = PBXFileReference; lastKnownFileType = folder.assetcatalog; path = Assets.xcassets; sourceTree = "<group>"; };
		C14FCB5426136D0700716A16 /* Base */ = {isa = PBXFileReference; lastKnownFileType = file.storyboard; name = Base; path = Base.lproj/LaunchScreen.storyboard; sourceTree = "<group>"; };
		C14FCB5626136D0700716A16 /* Info.plist */ = {isa = PBXFileReference; lastKnownFileType = text.plist.xml; path = Info.plist; sourceTree = "<group>"; };
		C14FCB5E261461CA00716A16 /* WelcomeViewController.swift */ = {isa = PBXFileReference; lastKnownFileType = sourcecode.swift; path = WelcomeViewController.swift; sourceTree = "<group>"; };
		C19326792618E7CE005A5647 /* User.swift */ = {isa = PBXFileReference; lastKnownFileType = sourcecode.swift; name = User.swift; path = ../../../../../Documents/User.swift; sourceTree = "<group>"; };
/* End PBXFileReference section */

/* Begin PBXFrameworksBuildPhase section */
		C14FCB4226136CFF00716A16 /* Frameworks */ = {
			isa = PBXFrameworksBuildPhase;
			buildActionMask = 2147483647;
			files = (
			);
			runOnlyForDeploymentPostprocessing = 0;
		};
/* End PBXFrameworksBuildPhase section */

/* Begin PBXGroup section */
		C14FCB3C26136CFF00716A16 = {
			isa = PBXGroup;
			children = (
				C14FCB4726136CFF00716A16 /* LogIn */,
				C14FCB4626136CFF00716A16 /* Products */,
			);
			sourceTree = "<group>";
		};
		C14FCB4626136CFF00716A16 /* Products */ = {
			isa = PBXGroup;
			children = (
				C14FCB4526136CFF00716A16 /* LogIn.app */,
			);
			name = Products;
			sourceTree = "<group>";
		};
		C14FCB4726136CFF00716A16 /* LogIn */ = {
			isa = PBXGroup;
			children = (
				C14FCB662618D94E00716A16 /* ViewControllers */,
				C14FCB682618DA4B00716A16 /* Models */,
				C14FCB6B2618DA6300716A16 /* Storyboards */,
				C14FCB6E2618DBC700716A16 /* Supporting */,
				C14FCB6C2618DB1C00716A16 /* Resources */,
			);
			path = LogIn;
			sourceTree = "<group>";
		};
		C14FCB662618D94E00716A16 /* ViewControllers */ = {
			isa = PBXGroup;
			children = (
				C14FCB4C26136CFF00716A16 /* LoginViewController.swift */,
				C14FCB5E261461CA00716A16 /* WelcomeViewController.swift */,
			);
			path = ViewControllers;
			sourceTree = "<group>";
		};
		C14FCB682618DA4B00716A16 /* Models */ = {
			isa = PBXGroup;
			children = (
				C19326792618E7CE005A5647 /* User.swift */,
			);
			path = Models;
			sourceTree = "<group>";
		};
		C14FCB6B2618DA6300716A16 /* Storyboards */ = {
			isa = PBXGroup;
			children = (
				C14FCB4E26136CFF00716A16 /* Main.storyboard */,
				C14FCB5326136D0700716A16 /* LaunchScreen.storyboard */,
			);
			path = Storyboards;
			sourceTree = "<group>";
		};
		C14FCB6C2618DB1C00716A16 /* Resources */ = {
			isa = PBXGroup;
			children = (
				C14FCB5126136D0700716A16 /* Assets.xcassets */,
			);
			path = Resources;
			sourceTree = "<group>";
		};
		C14FCB6E2618DBC700716A16 /* Supporting */ = {
			isa = PBXGroup;
			children = (
				C14FCB4826136CFF00716A16 /* AppDelegate.swift */,
				C14FCB4A26136CFF00716A16 /* SceneDelegate.swift */,
				C14FCB5626136D0700716A16 /* Info.plist */,
			);
			path = Supporting;
			sourceTree = "<group>";
		};
/* End PBXGroup section */

/* Begin PBXNativeTarget section */
		C14FCB4426136CFF00716A16 /* LogIn */ = {
			isa = PBXNativeTarget;
			buildConfigurationList = C14FCB5926136D0700716A16 /* Build configuration list for PBXNativeTarget "LogIn" */;
			buildPhases = (
				C14FCB4126136CFF00716A16 /* Sources */,
				C14FCB4226136CFF00716A16 /* Frameworks */,
				C14FCB4326136CFF00716A16 /* Resources */,
			);
			buildRules = (
			);
			dependencies = (
			);
			name = LogIn;
			productName = LogIn;
			productReference = C14FCB4526136CFF00716A16 /* LogIn.app */;
			productType = "com.apple.product-type.application";
		};
/* End PBXNativeTarget section */

/* Begin PBXProject section */
		C14FCB3D26136CFF00716A16 /* Project object */ = {
			isa = PBXProject;
			attributes = {
				LastSwiftUpdateCheck = 1240;
				LastUpgradeCheck = 1240;
				TargetAttributes = {
					C14FCB4426136CFF00716A16 = {
						CreatedOnToolsVersion = 12.4;
					};
				};
			};
			buildConfigurationList = C14FCB4026136CFF00716A16 /* Build configuration list for PBXProject "LogIn" */;
			compatibilityVersion = "Xcode 9.3";
			developmentRegion = en;
			hasScannedForEncodings = 0;
			knownRegions = (
				en,
				Base,
			);
			mainGroup = C14FCB3C26136CFF00716A16;
			productRefGroup = C14FCB4626136CFF00716A16 /* Products */;
			projectDirPath = "";
			projectRoot = "";
			targets = (
				C14FCB4426136CFF00716A16 /* LogIn */,
			);
		};
/* End PBXProject section */

/* Begin PBXResourcesBuildPhase section */
		C14FCB4326136CFF00716A16 /* Resources */ = {
			isa = PBXResourcesBuildPhase;
			buildActionMask = 2147483647;
			files = (
				C14FCB5526136D0700716A16 /* LaunchScreen.storyboard in Resources */,
				C14FCB5226136D0700716A16 /* Assets.xcassets in Resources */,
				C14FCB5026136CFF00716A16 /* Main.storyboard in Resources */,
			);
			runOnlyForDeploymentPostprocessing = 0;
		};
/* End PBXResourcesBuildPhase section */

/* Begin PBXSourcesBuildPhase section */
		C14FCB4126136CFF00716A16 /* Sources */ = {
			isa = PBXSourcesBuildPhase;
			buildActionMask = 2147483647;
			files = (
				C14FCB4D26136CFF00716A16 /* LoginViewController.swift in Sources */,
				C14FCB5F261461CA00716A16 /* WelcomeViewController.swift in Sources */,
				C14FCB4926136CFF00716A16 /* AppDelegate.swift in Sources */,
				C193267A2618E7CE005A5647 /* User.swift in Sources */,
				C14FCB4B26136CFF00716A16 /* SceneDelegate.swift in Sources */,
			);
			runOnlyForDeploymentPostprocessing = 0;
		};
/* End PBXSourcesBuildPhase section */

/* Begin PBXVariantGroup section */
		C14FCB4E26136CFF00716A16 /* Main.storyboard */ = {
			isa = PBXVariantGroup;
			children = (
				C14FCB4F26136CFF00716A16 /* Base */,
			);
			name = Main.storyboard;
			sourceTree = "<group>";
		};
		C14FCB5326136D0700716A16 /* LaunchScreen.storyboard */ = {
			isa = PBXVariantGroup;
			children = (
				C14FCB5426136D0700716A16 /* Base */,
			);
			name = LaunchScreen.storyboard;
			sourceTree = "<group>";
		};
/* End PBXVariantGroup section */

/* Begin XCBuildConfiguration section */
		C14FCB5726136D0700716A16 /* Debug */ = {
			isa = XCBuildConfiguration;
			buildSettings = {
				ALWAYS_SEARCH_USER_PATHS = NO;
				CLANG_ANALYZER_NONNULL = YES;
				CLANG_ANALYZER_NUMBER_OBJECT_CONVERSION = YES_AGGRESSIVE;
				CLANG_CXX_LANGUAGE_STANDARD = "gnu++14";
				CLANG_CXX_LIBRARY = "libc++";
				CLANG_ENABLE_MODULES = YES;
				CLANG_ENABLE_OBJC_ARC = YES;
				CLANG_ENABLE_OBJC_WEAK = YES;
				CLANG_WARN_BLOCK_CAPTURE_AUTORELEASING = YES;
				CLANG_WARN_BOOL_CONVERSION = YES;
				CLANG_WARN_COMMA = YES;
				CLANG_WARN_CONSTANT_CONVERSION = YES;
				CLANG_WARN_DEPRECATED_OBJC_IMPLEMENTATIONS = YES;
				CLANG_WARN_DIRECT_OBJC_ISA_USAGE = YES_ERROR;
				CLANG_WARN_DOCUMENTATION_COMMENTS = YES;
				CLANG_WARN_EMPTY_BODY = YES;
				CLANG_WARN_ENUM_CONVERSION = YES;
				CLANG_WARN_INFINITE_RECURSION = YES;
				CLANG_WARN_INT_CONVERSION = YES;
				CLANG_WARN_NON_LITERAL_NULL_CONVERSION = YES;
				CLANG_WARN_OBJC_IMPLICIT_RETAIN_SELF = YES;
				CLANG_WARN_OBJC_LITERAL_CONVERSION = YES;
				CLANG_WARN_OBJC_ROOT_CLASS = YES_ERROR;
				CLANG_WARN_QUOTED_INCLUDE_IN_FRAMEWORK_HEADER = YES;
				CLANG_WARN_RANGE_LOOP_ANALYSIS = YES;
				CLANG_WARN_STRICT_PROTOTYPES = YES;
				CLANG_WARN_SUSPICIOUS_MOVE = YES;
				CLANG_WARN_UNGUARDED_AVAILABILITY = YES_AGGRESSIVE;
				CLANG_WARN_UNREACHABLE_CODE = YES;
				CLANG_WARN__DUPLICATE_METHOD_MATCH = YES;
				COPY_PHASE_STRIP = NO;
				DEBUG_INFORMATION_FORMAT = dwarf;
				ENABLE_STRICT_OBJC_MSGSEND = YES;
				ENABLE_TESTABILITY = YES;
				GCC_C_LANGUAGE_STANDARD = gnu11;
				GCC_DYNAMIC_NO_PIC = NO;
				GCC_NO_COMMON_BLOCKS = YES;
				GCC_OPTIMIZATION_LEVEL = 0;
				GCC_PREPROCESSOR_DEFINITIONS = (
					"DEBUG=1",
					"$(inherited)",
				);
				GCC_WARN_64_TO_32_BIT_CONVERSION = YES;
				GCC_WARN_ABOUT_RETURN_TYPE = YES_ERROR;
				GCC_WARN_UNDECLARED_SELECTOR = YES;
				GCC_WARN_UNINITIALIZED_AUTOS = YES_AGGRESSIVE;
				GCC_WARN_UNUSED_FUNCTION = YES;
				GCC_WARN_UNUSED_VARIABLE = YES;
				IPHONEOS_DEPLOYMENT_TARGET = 14.4;
				MTL_ENABLE_DEBUG_INFO = INCLUDE_SOURCE;
				MTL_FAST_MATH = YES;
				ONLY_ACTIVE_ARCH = YES;
				SDKROOT = iphoneos;
				SWIFT_ACTIVE_COMPILATION_CONDITIONS = DEBUG;
				SWIFT_OPTIMIZATION_LEVEL = "-Onone";
			};
			name = Debug;
		};
		C14FCB5826136D0700716A16 /* Release */ = {
			isa = XCBuildConfiguration;
			buildSettings = {
				ALWAYS_SEARCH_USER_PATHS = NO;
				CLANG_ANALYZER_NONNULL = YES;
				CLANG_ANALYZER_NUMBER_OBJECT_CONVERSION = YES_AGGRESSIVE;
				CLANG_CXX_LANGUAGE_STANDARD = "gnu++14";
				CLANG_CXX_LIBRARY = "libc++";
				CLANG_ENABLE_MODULES = YES;
				CLANG_ENABLE_OBJC_ARC = YES;
				CLANG_ENABLE_OBJC_WEAK = YES;
				CLANG_WARN_BLOCK_CAPTURE_AUTORELEASING = YES;
				CLANG_WARN_BOOL_CONVERSION = YES;
				CLANG_WARN_COMMA = YES;
				CLANG_WARN_CONSTANT_CONVERSION = YES;
				CLANG_WARN_DEPRECATED_OBJC_IMPLEMENTATIONS = YES;
				CLANG_WARN_DIRECT_OBJC_ISA_USAGE = YES_ERROR;
				CLANG_WARN_DOCUMENTATION_COMMENTS = YES;
				CLANG_WARN_EMPTY_BODY = YES;
				CLANG_WARN_ENUM_CONVERSION = YES;
				CLANG_WARN_INFINITE_RECURSION = YES;
				CLANG_WARN_INT_CONVERSION = YES;
				CLANG_WARN_NON_LITERAL_NULL_CONVERSION = YES;
				CLANG_WARN_OBJC_IMPLICIT_RETAIN_SELF = YES;
				CLANG_WARN_OBJC_LITERAL_CONVERSION = YES;
				CLANG_WARN_OBJC_ROOT_CLASS = YES_ERROR;
				CLANG_WARN_QUOTED_INCLUDE_IN_FRAMEWORK_HEADER = YES;
				CLANG_WARN_RANGE_LOOP_ANALYSIS = YES;
				CLANG_WARN_STRICT_PROTOTYPES = YES;
				CLANG_WARN_SUSPICIOUS_MOVE = YES;
				CLANG_WARN_UNGUARDED_AVAILABILITY = YES_AGGRESSIVE;
				CLANG_WARN_UNREACHABLE_CODE = YES;
				CLANG_WARN__DUPLICATE_METHOD_MATCH = YES;
				COPY_PHASE_STRIP = NO;
				DEBUG_INFORMATION_FORMAT = "dwarf-with-dsym";
				ENABLE_NS_ASSERTIONS = NO;
				ENABLE_STRICT_OBJC_MSGSEND = YES;
				GCC_C_LANGUAGE_STANDARD = gnu11;
				GCC_NO_COMMON_BLOCKS = YES;
				GCC_WARN_64_TO_32_BIT_CONVERSION = YES;
				GCC_WARN_ABOUT_RETURN_TYPE = YES_ERROR;
				GCC_WARN_UNDECLARED_SELECTOR = YES;
				GCC_WARN_UNINITIALIZED_AUTOS = YES_AGGRESSIVE;
				GCC_WARN_UNUSED_FUNCTION = YES;
				GCC_WARN_UNUSED_VARIABLE = YES;
				IPHONEOS_DEPLOYMENT_TARGET = 14.4;
				MTL_ENABLE_DEBUG_INFO = NO;
				MTL_FAST_MATH = YES;
				SDKROOT = iphoneos;
				SWIFT_COMPILATION_MODE = wholemodule;
				SWIFT_OPTIMIZATION_LEVEL = "-O";
				VALIDATE_PRODUCT = YES;
			};
			name = Release;
		};
		C14FCB5A26136D0700716A16 /* Debug */ = {
			isa = XCBuildConfiguration;
			buildSettings = {
				ASSETCATALOG_COMPILER_APPICON_NAME = AppIcon;
				ASSETCATALOG_COMPILER_GLOBAL_ACCENT_COLOR_NAME = AccentColor;
				CODE_SIGN_STYLE = Automatic;
				DEVELOPMENT_TEAM = 7625BBDFN3;
				INFOPLIST_FILE = LogIn/Supporting/Info.plist;
				LD_RUNPATH_SEARCH_PATHS = (
					"$(inherited)",
					"@executable_path/Frameworks",
				);
				PRODUCT_BUNDLE_IDENTIFIER = LuzyaninaNP.LogIn;
				PRODUCT_NAME = "$(TARGET_NAME)";
				SWIFT_VERSION = 5.0;
				TARGETED_DEVICE_FAMILY = "1,2";
			};
			name = Debug;
		};
		C14FCB5B26136D0700716A16 /* Release */ = {
			isa = XCBuildConfiguration;
			buildSettings = {
				ASSETCATALOG_COMPILER_APPICON_NAME = AppIcon;
				ASSETCATALOG_COMPILER_GLOBAL_ACCENT_COLOR_NAME = AccentColor;
				CODE_SIGN_STYLE = Automatic;
				DEVELOPMENT_TEAM = 7625BBDFN3;
				INFOPLIST_FILE = LogIn/Supporting/Info.plist;
				LD_RUNPATH_SEARCH_PATHS = (
					"$(inherited)",
					"@executable_path/Frameworks",
				);
				PRODUCT_BUNDLE_IDENTIFIER = LuzyaninaNP.LogIn;
				PRODUCT_NAME = "$(TARGET_NAME)";
				SWIFT_VERSION = 5.0;
				TARGETED_DEVICE_FAMILY = "1,2";
			};
			name = Release;
		};
/* End XCBuildConfiguration section */

/* Begin XCConfigurationList section */
		C14FCB4026136CFF00716A16 /* Build configuration list for PBXProject "LogIn" */ = {
			isa = XCConfigurationList;
			buildConfigurations = (
				C14FCB5726136D0700716A16 /* Debug */,
				C14FCB5826136D0700716A16 /* Release */,
			);
			defaultConfigurationIsVisible = 0;
			defaultConfigurationName = Release;
		};
		C14FCB5926136D0700716A16 /* Build configuration list for PBXNativeTarget "LogIn" */ = {
			isa = XCConfigurationList;
			buildConfigurations = (
				C14FCB5A26136D0700716A16 /* Debug */,
				C14FCB5B26136D0700716A16 /* Release */,
			);
			defaultConfigurationIsVisible = 0;
			defaultConfigurationName = Release;
		};
/* End XCConfigurationList section */
	};
	rootObject = C14FCB3D26136CFF00716A16 /* Project object */;
}
